
Microsoft Visual Studio Solution File, Format Version 12.00
# Visual Studio Version 17
VisualStudioVersion = 17.13.36105.23 d17.13
MinimumVisualStudioVersion = 10.0.40219.1
Project("{FAE04EC0-301F-11D3-BF4B-00C04F79EFBC}") = "TALLERCHATBOX", "TALLERCHATBOX\TALLERCHATBOX.csproj", "{6C401E68-224D-4560-AF1A-BD8B321A9B9B}"
EndProject
Global
	GlobalSection(SolutionConfigurationPlatforms) = preSolution
		Debug|Any CPU = Debug|Any CPU
		Release|Any CPU = Release|Any CPU
	EndGlobalSection
	GlobalSection(ProjectConfigurationPlatforms) = postSolution
		{6C401E68-224D-4560-AF1A-BD8B321A9B9B}.Debug|Any CPU.ActiveCfg = Debug|Any CPU
		{6C401E68-224D-4560-AF1A-BD8B321A9B9B}.Debug|Any CPU.Build.0 = Debug|Any CPU
		{6C401E68-224D-4560-AF1A-BD8B321A9B9B}.Release|Any CPU.ActiveCfg = Release|Any CPU
		{6C401E68-224D-4560-AF1A-BD8B321A9B9B}.Release|Any CPU.Build.0 = Release|Any CPU
	EndGlobalSection
	GlobalSection(SolutionProperties) = preSolution
		HideSolutionNode = FALSE
	EndGlobalSection
	GlobalSection(ExtensibilityGlobals) = postSolution
		SolutionGuid = {7B3A0C65-B982-4979-8FC3-4F19E623DD38}
	EndGlobalSection
EndGlobal
